
Microsoft Visual Studio Solution File, Format Version 12.00
# Visual Studio Version 16
Project("{8BC9CEB8-8B4A-11D0-8D11-00A0C91BC942}") = "ALL_BUILD", "ALL_BUILD.vcxproj", "{96EEC3C8-26D4-3B68-A674-F34749EC9631}"
	ProjectSection(ProjectDependencies) = postProject
		{B502E12E-3EFA-3EC9-9DF8-08B9B766E710} = {B502E12E-3EFA-3EC9-9DF8-08B9B766E710}
		{755FC9DE-6D16-3D23-8534-08B5B48A3CE6} = {755FC9DE-6D16-3D23-8534-08B5B48A3CE6}
	EndProjectSection
EndProject
Project("{8BC9CEB8-8B4A-11D0-8D11-00A0C91BC942}") = "ZERO_CHECK", "ZERO_CHECK.vcxproj", "{B502E12E-3EFA-3EC9-9DF8-08B9B766E710}"
	ProjectSection(ProjectDependencies) = postProject
	EndProjectSection
EndProject
Project("{8BC9CEB8-8B4A-11D0-8D11-00A0C91BC942}") = "main", "main.vcxproj", "{755FC9DE-6D16-3D23-8534-08B5B48A3CE6}"
	ProjectSection(ProjectDependencies) = postProject
		{B502E12E-3EFA-3EC9-9DF8-08B9B766E710} = {B502E12E-3EFA-3EC9-9DF8-08B9B766E710}
	EndProjectSection
EndProject
Global
	GlobalSection(SolutionConfigurationPlatforms) = preSolution
		Debug|x64 = Debug|x64
		Release|x64 = Release|x64
		MinSizeRel|x64 = MinSizeRel|x64
		RelWithDebInfo|x64 = RelWithDebInfo|x64
	EndGlobalSection
	GlobalSection(ProjectConfigurationPlatforms) = postSolution
		{96EEC3C8-26D4-3B68-A674-F34749EC9631}.Debug|x64.ActiveCfg = Debug|x64
		{96EEC3C8-26D4-3B68-A674-F34749EC9631}.Release|x64.ActiveCfg = Release|x64
		{96EEC3C8-26D4-3B68-A674-F34749EC9631}.MinSizeRel|x64.ActiveCfg = MinSizeRel|x64
		{96EEC3C8-26D4-3B68-A674-F34749EC9631}.RelWithDebInfo|x64.ActiveCfg = RelWithDebInfo|x64
		{B502E12E-3EFA-3EC9-9DF8-08B9B766E710}.Debug|x64.ActiveCfg = Debug|x64
		{B502E12E-3EFA-3EC9-9DF8-08B9B766E710}.Debug|x64.Build.0 = Debug|x64
		{B502E12E-3EFA-3EC9-9DF8-08B9B766E710}.Release|x64.ActiveCfg = Release|x64
		{B502E12E-3EFA-3EC9-9DF8-08B9B766E710}.Release|x64.Build.0 = Release|x64
		{B502E12E-3EFA-3EC9-9DF8-08B9B766E710}.MinSizeRel|x64.ActiveCfg = MinSizeRel|x64
		{B502E12E-3EFA-3EC9-9DF8-08B9B766E710}.MinSizeRel|x64.Build.0 = MinSizeRel|x64
		{B502E12E-3EFA-3EC9-9DF8-08B9B766E710}.RelWithDebInfo|x64.ActiveCfg = RelWithDebInfo|x64
		{B502E12E-3EFA-3EC9-9DF8-08B9B766E710}.RelWithDebInfo|x64.Build.0 = RelWithDebInfo|x64
		{755FC9DE-6D16-3D23-8534-08B5B48A3CE6}.Debug|x64.ActiveCfg = Debug|x64
		{755FC9DE-6D16-3D23-8534-08B5B48A3CE6}.Debug|x64.Build.0 = Debug|x64
		{755FC9DE-6D16-3D23-8534-08B5B48A3CE6}.Release|x64.ActiveCfg = Release|x64
		{755FC9DE-6D16-3D23-8534-08B5B48A3CE6}.Release|x64.Build.0 = Release|x64
		{755FC9DE-6D16-3D23-8534-08B5B48A3CE6}.MinSizeRel|x64.ActiveCfg = MinSizeRel|x64
		{755FC9DE-6D16-3D23-8534-08B5B48A3CE6}.MinSizeRel|x64.Build.0 = MinSizeRel|x64
		{755FC9DE-6D16-3D23-8534-08B5B48A3CE6}.RelWithDebInfo|x64.ActiveCfg = RelWithDebInfo|x64
		{755FC9DE-6D16-3D23-8534-08B5B48A3CE6}.RelWithDebInfo|x64.Build.0 = RelWithDebInfo|x64
	EndGlobalSection
	GlobalSection(ExtensibilityGlobals) = postSolution
		SolutionGuid = {6C5C2B83-A530-3EC3-AE1C-E253917145EF}
	EndGlobalSection
	GlobalSection(ExtensibilityAddIns) = postSolution
	EndGlobalSection
EndGlobal
